
Microsoft Visual Studio Solution File, Format Version 12.00
# Visual Studio Version 16
VisualStudioVersion = 16.0.32002.261
MinimumVisualStudioVersion = 10.0.40219.1
Project("{FAE04EC0-301F-11D3-BF4B-00C04F79EFBC}") = "Assignment2", "Assignment2\Assignment2.csproj", "{2FF13478-93C6-418E-9DDD-1160784B0C5D}"
EndProject
Global
	GlobalSection(SolutionConfigurationPlatforms) = preSolution
		Debug|Any CPU = Debug|Any CPU
		Release|Any CPU = Release|Any CPU
	EndGlobalSection
	GlobalSection(ProjectConfigurationPlatforms) = postSolution
		{2FF13478-93C6-418E-9DDD-1160784B0C5D}.Debug|Any CPU.ActiveCfg = Debug|Any CPU
		{2FF13478-93C6-418E-9DDD-1160784B0C5D}.Debug|Any CPU.Build.0 = Debug|Any CPU
		{2FF13478-93C6-418E-9DDD-1160784B0C5D}.Release|Any CPU.ActiveCfg = Release|Any CPU
		{2FF13478-93C6-418E-9DDD-1160784B0C5D}.Release|Any CPU.Build.0 = Release|Any CPU
	EndGlobalSection
	GlobalSection(SolutionProperties) = preSolution
		HideSolutionNode = FALSE
	EndGlobalSection
	GlobalSection(ExtensibilityGlobals) = postSolution
		SolutionGuid = {5BA15B56-55A5-4DBF-8D89-523C89F61E92}
	EndGlobalSection
EndGlobal
